NeoBundleLock CSApprox a2958096696f9132ef0ece44b3fab93dac6df8d0
NeoBundleLock ctrlp.vim 564176f01d7f3f7f8ab452ff4e1f5314de7b0981
NeoBundleLock grep.vim 852ddb0c6590bbc41c508d7f5d2fc17112492def
NeoBundleLock indentLine 7753505f3c500ec88d11e9373d05250f49c1d900
NeoBundleLock jedi-vim e82d07faa17c3b3fe04b4fa6ab074e8e8601a596
NeoBundleLock neobundle.vim 1306c131ff0a6cc094b7ff0727350e442b5427f1
NeoBundleLock nerdtree eed488b1cd1867bd25f19f90e10440c5cc7d6424
NeoBundleLock syntastic b7f4f71539038d33f173bfa72631737da049575a
NeoBundleLock tagbar ccee72f1d1ed71a001e57592bd585ae77c5f83b2
NeoBundleLock vim-airline 904979339cc93a10f8cee2f9c59c2b1b69d6665f
NeoBundleLock vim-coloresque e12a5007068e74c8ffe5b1da91c25989de9c2081
NeoBundleLock vim-commentary 3654775824337f466109f00eaf6759760f65be34
NeoBundleLock vim-css3-syntax 3d985232788e82314d5d6b1e2dd1c6d11d41f3d3
NeoBundleLock vim-fugitive cba863444c9e970bc7282f76df0f559b5fc830bd
NeoBundleLock vim-gitgutter 18d12985ea6cb7ede59755ff4fd0a9fa1e6bf835
NeoBundleLock vim-haml 9b9c18b78d52bb007488682208626eeb982c0f80
NeoBundleLock vim-nerdtree-tabs 07d19f0299762669c6f93fbadb8249da6ba9de62
NeoBundleLock vim-polyglot 83422e0a1fcfc88f3475104b0e0674e8dbe3130e
NeoBundleLock vim-snippets c6d4b1cfa7a349ca561b86227cb46c4147b9c23c
NeoBundleLock vimproc.vim 3ba46c01109bc590c6740c1133f53584751924b2
